// !$*UTF8*$!
{
	archiveVersion = 1;
	classes = {
	};
	objectVersion = 56;
	objects = {

/* Begin PBXBuildFile section */
		00000000000000000000001C /* AccountBackendAPI.swift in Sources */ = {isa = PBXBuildFile; fileRef = 00000000000000000000001B /* AccountBackendAPI.swift */; };
		00000000000000000000001E /* AccountHTTPBackend.swift in Sources */ = {isa = PBXBuildFile; fileRef = 00000000000000000000001D /* AccountHTTPBackend.swift */; };
		000000000000000000000020 /* AccountRuntime.swift in Sources */ = {isa = PBXBuildFile; fileRef = 00000000000000000000001F /* AccountRuntime.swift */; };
		000000000000000000000022 /* AccountSocialContracts.swift in Sources */ = {isa = PBXBuildFile; fileRef = 000000000000000000000021 /* AccountSocialContracts.swift */; };
		000000000000000000000024 /* Components.swift in Sources */ = {isa = PBXBuildFile; fileRef = 000000000000000000000023 /* Components.swift */; };
		000000000000000000000026 /* CurlPlanApp.swift in Sources */ = {isa = PBXBuildFile; fileRef = 000000000000000000000025 /* CurlPlanApp.swift */; };
		000000000000000000000028 /* CurlerProfileView.swift in Sources */ = {isa = PBXBuildFile; fileRef = 000000000000000000000027 /* CurlerProfileView.swift */; };
		00000000000000000000002A /* LiveMapView.swift in Sources */ = {isa = PBXBuildFile; fileRef = 000000000000000000000029 /* LiveMapView.swift */; };
		00000000000000000000002C /* LockerRoomView.swift in Sources */ = {isa = PBXBuildFile; fileRef = 00000000000000000000002B /* LockerRoomView.swift */; };
		00000000000000000000002E /* Models.swift in Sources */ = {isa = PBXBuildFile; fileRef = 00000000000000000000002D /* Models.swift */; };
		000000000000000000000030 /* PassportView.swift in Sources */ = {isa = PBXBuildFile; fileRef = 00000000000000000000002F /* PassportView.swift */; };
		000000000000000000000032 /* RootView.swift in Sources */ = {isa = PBXBuildFile; fileRef = 000000000000000000000031 /* RootView.swift */; };
		000000000000000000000034 /* RosterView.swift in Sources */ = {isa = PBXBuildFile; fileRef = 000000000000000000000033 /* RosterView.swift */; };
		000000000000000000000036 /* SettingsSheet.swift in Sources */ = {isa = PBXBuildFile; fileRef = 000000000000000000000035 /* SettingsSheet.swift */; };
		000000000000000000000038 /* SpielsView.swift in Sources */ = {isa = PBXBuildFile; fileRef = 000000000000000000000037 /* SpielsView.swift */; };
		00000000000000000000003A /* StopDetailView.swift in Sources */ = {isa = PBXBuildFile; fileRef = 000000000000000000000039 /* StopDetailView.swift */; };
		00000000000000000000003C /* Theme.swift in Sources */ = {isa = PBXBuildFile; fileRef = 00000000000000000000003B /* Theme.swift */; };
		00000000000000000000003E /* CurlPlanPrimaryScreenflowUITests.swift in Sources */ = {isa = PBXBuildFile; fileRef = 00000000000000000000003D /* CurlPlanPrimaryScreenflowUITests.swift */; };
		000000000000000000000040 /* Assets.xcassets in Resources */ = {isa = PBXBuildFile; fileRef = 00000000000000000000003F /* Assets.xcassets */; };
		000000000000000000000042 /* PrivacyInfo.xcprivacy in Resources */ = {isa = PBXBuildFile; fileRef = 000000000000000000000041 /* PrivacyInfo.xcprivacy */; };
/* End PBXBuildFile section */

/* Begin PBXFileReference section */
		000000000000000000000008 /* CurlPlan.app */ = {isa = PBXFileReference; explicitFileType = wrapper.application; includeInIndex = 0; path = CurlPlan.app; sourceTree = BUILT_PRODUCTS_DIR; };
		000000000000000000000009 /* CurlPlanUITests.xctest */ = {isa = PBXFileReference; explicitFileType = wrapper.cfbundle; includeInIndex = 0; path = CurlPlanUITests.xctest; sourceTree = BUILT_PRODUCTS_DIR; };
		00000000000000000000001B /* AccountBackendAPI.swift */ = {isa = PBXFileReference; lastKnownFileType = sourcecode.swift; path = "AccountBackendAPI.swift"; sourceTree = "<group>"; };
		00000000000000000000001D /* AccountHTTPBackend.swift */ = {isa = PBXFileReference; lastKnownFileType = sourcecode.swift; path = "AccountHTTPBackend.swift"; sourceTree = "<group>"; };
		00000000000000000000001F /* AccountRuntime.swift */ = {isa = PBXFileReference; lastKnownFileType = sourcecode.swift; path = "AccountRuntime.swift"; sourceTree = "<group>"; };
		000000000000000000000021 /* AccountSocialContracts.swift */ = {isa = PBXFileReference; lastKnownFileType = sourcecode.swift; path = "AccountSocialContracts.swift"; sourceTree = "<group>"; };
		000000000000000000000023 /* Components.swift */ = {isa = PBXFileReference; lastKnownFileType = sourcecode.swift; path = "Components.swift"; sourceTree = "<group>"; };
		000000000000000000000025 /* CurlPlanApp.swift */ = {isa = PBXFileReference; lastKnownFileType = sourcecode.swift; path = "CurlPlanApp.swift"; sourceTree = "<group>"; };
		000000000000000000000027 /* CurlerProfileView.swift */ = {isa = PBXFileReference; lastKnownFileType = sourcecode.swift; path = "CurlerProfileView.swift"; sourceTree = "<group>"; };
		000000000000000000000029 /* LiveMapView.swift */ = {isa = PBXFileReference; lastKnownFileType = sourcecode.swift; path = "LiveMapView.swift"; sourceTree = "<group>"; };
		00000000000000000000002B /* LockerRoomView.swift */ = {isa = PBXFileReference; lastKnownFileType = sourcecode.swift; path = "LockerRoomView.swift"; sourceTree = "<group>"; };
		00000000000000000000002D /* Models.swift */ = {isa = PBXFileReference; lastKnownFileType = sourcecode.swift; path = "Models.swift"; sourceTree = "<group>"; };
		00000000000000000000002F /* PassportView.swift */ = {isa = PBXFileReference; lastKnownFileType = sourcecode.swift; path = "PassportView.swift"; sourceTree = "<group>"; };
		000000000000000000000031 /* RootView.swift */ = {isa = PBXFileReference; lastKnownFileType = sourcecode.swift; path = "RootView.swift"; sourceTree = "<group>"; };
		000000000000000000000033 /* RosterView.swift */ = {isa = PBXFileReference; lastKnownFileType = sourcecode.swift; path = "RosterView.swift"; sourceTree = "<group>"; };
		000000000000000000000035 /* SettingsSheet.swift */ = {isa = PBXFileReference; lastKnownFileType = sourcecode.swift; path = "SettingsSheet.swift"; sourceTree = "<group>"; };
		000000000000000000000037 /* SpielsView.swift */ = {isa = PBXFileReference; lastKnownFileType = sourcecode.swift; path = "SpielsView.swift"; sourceTree = "<group>"; };
		000000000000000000000039 /* StopDetailView.swift */ = {isa = PBXFileReference; lastKnownFileType = sourcecode.swift; path = "StopDetailView.swift"; sourceTree = "<group>"; };
		00000000000000000000003B /* Theme.swift */ = {isa = PBXFileReference; lastKnownFileType = sourcecode.swift; path = "Theme.swift"; sourceTree = "<group>"; };
		00000000000000000000003D /* CurlPlanPrimaryScreenflowUITests.swift */ = {isa = PBXFileReference; lastKnownFileType = sourcecode.swift; path = "CurlPlanPrimaryScreenflowUITests.swift"; sourceTree = "<group>"; };
		00000000000000000000003F /* Assets.xcassets */ = {isa = PBXFileReference; lastKnownFileType = folder.assetcatalog; path = Assets.xcassets; sourceTree = "<group>"; };
		000000000000000000000041 /* PrivacyInfo.xcprivacy */ = {isa = PBXFileReference; lastKnownFileType = text.xml; path = PrivacyInfo.xcprivacy; sourceTree = "<group>"; };
/* End PBXFileReference section */

/* Begin PBXContainerItemProxy section */
		000000000000000000000010 /* PBXContainerItemProxy */ = {
			isa = PBXContainerItemProxy;
			containerPortal = 000000000000000000000001 /* Project object */;
			proxyType = 1;
			remoteGlobalIDString = 000000000000000000000002;
			remoteInfo = CurlPlan;
		};
/* End PBXContainerItemProxy section */

/* Begin PBXFrameworksBuildPhase section */
		00000000000000000000000B /* Frameworks */ = {
			isa = PBXFrameworksBuildPhase;
			buildActionMask = 2147483647;
			files = (
			);
			runOnlyForDeploymentPostprocessing = 0;
		};
		00000000000000000000000E /* Frameworks */ = {
			isa = PBXFrameworksBuildPhase;
			buildActionMask = 2147483647;
			files = (
			);
			runOnlyForDeploymentPostprocessing = 0;
		};
/* End PBXFrameworksBuildPhase section */

/* Begin PBXGroup section */
		000000000000000000000004 = {
			isa = PBXGroup;
			children = (
				000000000000000000000005 /* CurlPlan */,
				000000000000000000000006 /* CurlPlanUITests */,
				000000000000000000000007 /* Products */,
			);
			sourceTree = "<group>";
		};
		000000000000000000000005 /* CurlPlan */ = {
			isa = PBXGroup;
			children = (
				00000000000000000000003F /* Assets.xcassets */,
				000000000000000000000041 /* PrivacyInfo.xcprivacy */,
				00000000000000000000001B /* AccountBackendAPI.swift */,
				00000000000000000000001D /* AccountHTTPBackend.swift */,
				00000000000000000000001F /* AccountRuntime.swift */,
				000000000000000000000021 /* AccountSocialContracts.swift */,
				000000000000000000000023 /* Components.swift */,
				000000000000000000000025 /* CurlPlanApp.swift */,
				000000000000000000000027 /* CurlerProfileView.swift */,
				000000000000000000000029 /* LiveMapView.swift */,
				00000000000000000000002B /* LockerRoomView.swift */,
				00000000000000000000002D /* Models.swift */,
				00000000000000000000002F /* PassportView.swift */,
				000000000000000000000031 /* RootView.swift */,
				000000000000000000000033 /* RosterView.swift */,
				000000000000000000000035 /* SettingsSheet.swift */,
				000000000000000000000037 /* SpielsView.swift */,
				000000000000000000000039 /* StopDetailView.swift */,
				00000000000000000000003B /* Theme.swift */,
			);
			path = CurlPlan;
			sourceTree = "<group>";
		};
		000000000000000000000006 /* CurlPlanUITests */ = {
			isa = PBXGroup;
			children = (
				00000000000000000000003D /* CurlPlanPrimaryScreenflowUITests.swift */,
			);
			path = CurlPlanUITests;
			sourceTree = "<group>";
		};
		000000000000000000000007 /* Products */ = {
			isa = PBXGroup;
			children = (
				000000000000000000000008 /* CurlPlan.app */,
				000000000000000000000009 /* CurlPlanUITests.xctest */,
			);
			name = Products;
			sourceTree = "<group>";
		};
/* End PBXGroup section */

/* Begin PBXNativeTarget section */
		000000000000000000000002 /* CurlPlan */ = {
			isa = PBXNativeTarget;
			buildConfigurationList = 000000000000000000000013 /* Build configuration list for PBXNativeTarget "CurlPlan" */;
			buildPhases = (
				00000000000000000000000A /* Sources */,
				00000000000000000000000B /* Frameworks */,
				00000000000000000000000C /* Resources */,
			);
			buildRules = (
			);
			dependencies = (
			);
			name = CurlPlan;
			productName = CurlPlan;
			productReference = 000000000000000000000008 /* CurlPlan.app */;
			productType = "com.apple.product-type.application";
		};
		000000000000000000000003 /* CurlPlanUITests */ = {
			isa = PBXNativeTarget;
			buildConfigurationList = 000000000000000000000014 /* Build configuration list for PBXNativeTarget "CurlPlanUITests" */;
			buildPhases = (
				00000000000000000000000D /* Sources */,
				00000000000000000000000E /* Frameworks */,
				00000000000000000000000F /* Resources */,
			);
			buildRules = (
			);
			dependencies = (
				000000000000000000000011 /* PBXTargetDependency */,
			);
			name = CurlPlanUITests;
			productName = CurlPlanUITests;
			productReference = 000000000000000000000009 /* CurlPlanUITests.xctest */;
			productType = "com.apple.product-type.bundle.ui-testing";
		};
/* End PBXNativeTarget section */

/* Begin PBXProject section */
		000000000000000000000001 /* Project object */ = {
			isa = PBXProject;
			attributes = {
				BuildIndependentTargetsInParallel = 1;
				LastSwiftUpdateCheck = 1540;
				LastUpgradeCheck = 1540;
				TargetAttributes = {
					000000000000000000000002 = {
						CreatedOnToolsVersion = 15.4;
					};
					000000000000000000000003 = {
						CreatedOnToolsVersion = 15.4;
						TestTargetID = 000000000000000000000002;
					};
				};
			};
			buildConfigurationList = 000000000000000000000012 /* Build configuration list for PBXProject "CurlPlan" */;
			compatibilityVersion = "Xcode 14.0";
			developmentRegion = en;
			hasScannedForEncodings = 0;
			knownRegions = (
				en,
				Base,
			);
			mainGroup = 000000000000000000000004;
			productRefGroup = 000000000000000000000007 /* Products */;
			projectDirPath = "";
			projectRoot = "";
			targets = (
				000000000000000000000002 /* CurlPlan */,
				000000000000000000000003 /* CurlPlanUITests */,
			);
		};
/* End PBXProject section */

/* Begin PBXResourcesBuildPhase section */
		00000000000000000000000C /* Resources */ = {
			isa = PBXResourcesBuildPhase;
			buildActionMask = 2147483647;
			files = (
				000000000000000000000040 /* Assets.xcassets in Resources */,
				000000000000000000000042 /* PrivacyInfo.xcprivacy in Resources */,
			);
			runOnlyForDeploymentPostprocessing = 0;
		};
		00000000000000000000000F /* Resources */ = {
			isa = PBXResourcesBuildPhase;
			buildActionMask = 2147483647;
			files = (
			);
			runOnlyForDeploymentPostprocessing = 0;
		};
/* End PBXResourcesBuildPhase section */

/* Begin PBXSourcesBuildPhase section */
		00000000000000000000000A /* Sources */ = {
			isa = PBXSourcesBuildPhase;
			buildActionMask = 2147483647;
			files = (
				00000000000000000000001C /* AccountBackendAPI.swift in Sources */,
				00000000000000000000001E /* AccountHTTPBackend.swift in Sources */,
				000000000000000000000020 /* AccountRuntime.swift in Sources */,
				000000000000000000000022 /* AccountSocialContracts.swift in Sources */,
				000000000000000000000024 /* Components.swift in Sources */,
				000000000000000000000026 /* CurlPlanApp.swift in Sources */,
				000000000000000000000028 /* CurlerProfileView.swift in Sources */,
				00000000000000000000002A /* LiveMapView.swift in Sources */,
				00000000000000000000002C /* LockerRoomView.swift in Sources */,
				00000000000000000000002E /* Models.swift in Sources */,
				000000000000000000000030 /* PassportView.swift in Sources */,
				000000000000000000000032 /* RootView.swift in Sources */,
				000000000000000000000034 /* RosterView.swift in Sources */,
				000000000000000000000036 /* SettingsSheet.swift in Sources */,
				000000000000000000000038 /* SpielsView.swift in Sources */,
				00000000000000000000003A /* StopDetailView.swift in Sources */,
				00000000000000000000003C /* Theme.swift in Sources */,
			);
			runOnlyForDeploymentPostprocessing = 0;
		};
		00000000000000000000000D /* Sources */ = {
			isa = PBXSourcesBuildPhase;
			buildActionMask = 2147483647;
			files = (
				00000000000000000000003E /* CurlPlanPrimaryScreenflowUITests.swift in Sources */,
			);
			runOnlyForDeploymentPostprocessing = 0;
		};
/* End PBXSourcesBuildPhase section */

/* Begin PBXTargetDependency section */
		000000000000000000000011 /* PBXTargetDependency */ = {
			isa = PBXTargetDependency;
			target = 000000000000000000000002 /* CurlPlan */;
			targetProxy = 000000000000000000000010 /* PBXContainerItemProxy */;
		};
/* End PBXTargetDependency section */

/* Begin XCBuildConfiguration section */
		000000000000000000000015 /* Debug */ = {
			isa = XCBuildConfiguration;
			buildSettings = {
				ALWAYS_SEARCH_USER_PATHS = NO;
				CLANG_ANALYZER_NONNULL = YES;
				CLANG_ENABLE_MODULES = YES;
				CLANG_ENABLE_OBJC_ARC = YES;
				COPY_PHASE_STRIP = NO;
				DEBUG_INFORMATION_FORMAT = dwarf;
				ENABLE_STRICT_OBJC_MSGSEND = YES;
				ENABLE_TESTABILITY = YES;
				GCC_DYNAMIC_NO_PIC = NO;
				GCC_OPTIMIZATION_LEVEL = 0;
				GCC_PREPROCESSOR_DEFINITIONS = (
					"DEBUG=1",
					"$(inherited)",
				);
				IPHONEOS_DEPLOYMENT_TARGET = 17.0;
				MTL_ENABLE_DEBUG_INFO = INCLUDE_SOURCE;
				ONLY_ACTIVE_ARCH = YES;
				SDKROOT = iphoneos;
				SWIFT_ACTIVE_COMPILATION_CONDITIONS = DEBUG;
				SWIFT_OPTIMIZATION_LEVEL = "-Onone";
				SWIFT_VERSION = 5.0;
			};
			name = Debug;
		};
		000000000000000000000016 /* Release */ = {
			isa = XCBuildConfiguration;
			buildSettings = {
				ALWAYS_SEARCH_USER_PATHS = NO;
				CLANG_ANALYZER_NONNULL = YES;
				CLANG_ENABLE_MODULES = YES;
				CLANG_ENABLE_OBJC_ARC = YES;
				COPY_PHASE_STRIP = NO;
				DEBUG_INFORMATION_FORMAT = "dwarf-with-dsym";
				ENABLE_NS_ASSERTIONS = NO;
				ENABLE_STRICT_OBJC_MSGSEND = YES;
				GCC_OPTIMIZATION_LEVEL = s;
				IPHONEOS_DEPLOYMENT_TARGET = 17.0;
				MTL_ENABLE_DEBUG_INFO = NO;
				SDKROOT = iphoneos;
				SWIFT_COMPILATION_MODE = wholemodule;
				SWIFT_OPTIMIZATION_LEVEL = "-O";
				SWIFT_VERSION = 5.0;
				VALIDATE_PRODUCT = YES;
			};
			name = Release;
		};
		000000000000000000000017 /* Debug */ = {
			isa = XCBuildConfiguration;
			buildSettings = {
				ASSETCATALOG_COMPILER_APPICON_NAME = AppIcon;
				ASSETCATALOG_COMPILER_GENERATE_ASSET_SYMBOLS = NO;
				CODE_SIGN_STYLE = Automatic;
				CURRENT_PROJECT_VERSION = 1;
				DEVELOPMENT_TEAM = 43DPAZ2867;
				ENABLE_PREVIEWS = YES;
				GENERATE_INFOPLIST_FILE = YES;
				INFOPLIST_KEY_UIApplicationSceneManifest_Generation = YES;
				INFOPLIST_KEY_UIApplicationSupportsIndirectInputEvents = YES;
				INFOPLIST_KEY_UILaunchScreen_Generation = YES;
				INFOPLIST_KEY_UISupportedInterfaceOrientations_iPad = "UIInterfaceOrientationPortrait UIInterfaceOrientationPortraitUpsideDown UIInterfaceOrientationLandscapeLeft UIInterfaceOrientationLandscapeRight";
				INFOPLIST_KEY_UISupportedInterfaceOrientations_iPhone = "UIInterfaceOrientationPortrait UIInterfaceOrientationLandscapeLeft UIInterfaceOrientationLandscapeRight";
				IPHONEOS_DEPLOYMENT_TARGET = 17.0;
				LD_RUNPATH_SEARCH_PATHS = (
					"$(inherited)",
					"@executable_path/Frameworks",
				);
				MARKETING_VERSION = 1.0;
				PRODUCT_BUNDLE_IDENTIFIER = com.davehomeassist.CurlPlan;
				PRODUCT_NAME = "$(TARGET_NAME)";
				SWIFT_EMIT_LOC_STRINGS = YES;
				SWIFT_VERSION = 5.0;
				TARGETED_DEVICE_FAMILY = "1,2";
			};
			name = Debug;
		};
		000000000000000000000018 /* Release */ = {
			isa = XCBuildConfiguration;
			buildSettings = {
				ASSETCATALOG_COMPILER_APPICON_NAME = AppIcon;
				ASSETCATALOG_COMPILER_GENERATE_ASSET_SYMBOLS = NO;
				CODE_SIGN_STYLE = Automatic;
				CURRENT_PROJECT_VERSION = 1;
				DEVELOPMENT_TEAM = 43DPAZ2867;
				ENABLE_PREVIEWS = YES;
				GENERATE_INFOPLIST_FILE = YES;
				INFOPLIST_KEY_UIApplicationSceneManifest_Generation = YES;
				INFOPLIST_KEY_UIApplicationSupportsIndirectInputEvents = YES;
				INFOPLIST_KEY_UILaunchScreen_Generation = YES;
				INFOPLIST_KEY_UISupportedInterfaceOrientations_iPad = "UIInterfaceOrientationPortrait UIInterfaceOrientationPortraitUpsideDown UIInterfaceOrientationLandscapeLeft UIInterfaceOrientationLandscapeRight";
				INFOPLIST_KEY_UISupportedInterfaceOrientations_iPhone = "UIInterfaceOrientationPortrait UIInterfaceOrientationLandscapeLeft UIInterfaceOrientationLandscapeRight";
				IPHONEOS_DEPLOYMENT_TARGET = 17.0;
				LD_RUNPATH_SEARCH_PATHS = (
					"$(inherited)",
					"@executable_path/Frameworks",
				);
				MARKETING_VERSION = 1.0;
				PRODUCT_BUNDLE_IDENTIFIER = com.davehomeassist.CurlPlan;
				PRODUCT_NAME = "$(TARGET_NAME)";
				SWIFT_EMIT_LOC_STRINGS = YES;
				SWIFT_VERSION = 5.0;
				TARGETED_DEVICE_FAMILY = "1,2";
			};
			name = Release;
		};
		000000000000000000000019 /* Debug */ = {
			isa = XCBuildConfiguration;
			buildSettings = {
				CODE_SIGN_STYLE = Automatic;
				CURRENT_PROJECT_VERSION = 1;
				DEVELOPMENT_TEAM = 43DPAZ2867;
				GENERATE_INFOPLIST_FILE = YES;
				IPHONEOS_DEPLOYMENT_TARGET = 17.0;
				LD_RUNPATH_SEARCH_PATHS = (
					"$(inherited)",
					"@executable_path/Frameworks",
					"@loader_path/Frameworks",
				);
				MARKETING_VERSION = 1.0;
				PRODUCT_BUNDLE_IDENTIFIER = com.davehomeassist.CurlPlanUITests;
				PRODUCT_NAME = "$(TARGET_NAME)";
				SWIFT_VERSION = 5.0;
				TARGETED_DEVICE_FAMILY = "1,2";
				TEST_TARGET_NAME = CurlPlan;
			};
			name = Debug;
		};
		00000000000000000000001A /* Release */ = {
			isa = XCBuildConfiguration;
			buildSettings = {
				CODE_SIGN_STYLE = Automatic;
				CURRENT_PROJECT_VERSION = 1;
				DEVELOPMENT_TEAM = 43DPAZ2867;
				GENERATE_INFOPLIST_FILE = YES;
				IPHONEOS_DEPLOYMENT_TARGET = 17.0;
				LD_RUNPATH_SEARCH_PATHS = (
					"$(inherited)",
					"@executable_path/Frameworks",
					"@loader_path/Frameworks",
				);
				MARKETING_VERSION = 1.0;
				PRODUCT_BUNDLE_IDENTIFIER = com.davehomeassist.CurlPlanUITests;
				PRODUCT_NAME = "$(TARGET_NAME)";
				SWIFT_VERSION = 5.0;
				TARGETED_DEVICE_FAMILY = "1,2";
				TEST_TARGET_NAME = CurlPlan;
			};
			name = Release;
		};
/* End XCBuildConfiguration section */

/* Begin XCConfigurationList section */
		000000000000000000000012 /* Build configuration list for PBXProject "CurlPlan" */ = {
			isa = XCConfigurationList;
			buildConfigurations = (
				000000000000000000000015 /* Debug */,
				000000000000000000000016 /* Release */,
			);
			defaultConfigurationIsVisible = 0;
			defaultConfigurationName = Release;
		};
		000000000000000000000013 /* Build configuration list for PBXNativeTarget "CurlPlan" */ = {
			isa = XCConfigurationList;
			buildConfigurations = (
				000000000000000000000017 /* Debug */,
				000000000000000000000018 /* Release */,
			);
			defaultConfigurationIsVisible = 0;
			defaultConfigurationName = Release;
		};
		000000000000000000000014 /* Build configuration list for PBXNativeTarget "CurlPlanUITests" */ = {
			isa = XCConfigurationList;
			buildConfigurations = (
				000000000000000000000019 /* Debug */,
				00000000000000000000001A /* Release */,
			);
			defaultConfigurationIsVisible = 0;
			defaultConfigurationName = Release;
		};
/* End XCConfigurationList section */
	};
	rootObject = 000000000000000000000001 /* Project object */;
}
